
Microsoft Visual Studio Solution File, Format Version 12.00
# Visual Studio Version 18
VisualStudioVersion = 18.1.11312.151 d18.0
MinimumVisualStudioVersion = 10.0.40219.1
Project("{FAE04EC0-301F-11D3-BF4B-00C04F79EFBC}") = "Friterie", "Friterie\Friterie.csproj", "{60AD335D-B1FF-C050-37C4-3558646172D5}"
EndProject
Project("{FAE04EC0-301F-11D3-BF4B-00C04F79EFBC}") = "Friterie.Server", "Friterie.Server\Friterie.Server.csproj", "{0B3930C4-75B0-5385-875B-ED88DE1563AC}"
EndProject
Project("{FAE04EC0-301F-11D3-BF4B-00C04F79EFBC}") = "Friterie.Server.TestsUnits", "Friterie.Server.TestsUnits\Friterie.Server.TestsUnits.csproj", "{A48B30E2-568C-D191-D05E-2F9BA3482D23}"
EndProject
Global
	GlobalSection(SolutionConfigurationPlatforms) = preSolution
		Debug|Any CPU = Debug|Any CPU
		Release|Any CPU = Release|Any CPU
	EndGlobalSection
	GlobalSection(ProjectConfigurationPlatforms) = postSolution
		{60AD335D-B1FF-C050-37C4-3558646172D5}.Debug|Any CPU.ActiveCfg = Debug|Any CPU
		{60AD335D-B1FF-C050-37C4-3558646172D5}.Debug|Any CPU.Build.0 = Debug|Any CPU
		{60AD335D-B1FF-C050-37C4-3558646172D5}.Release|Any CPU.ActiveCfg = Release|Any CPU
		{60AD335D-B1FF-C050-37C4-3558646172D5}.Release|Any CPU.Build.0 = Release|Any CPU
		{0B3930C4-75B0-5385-875B-ED88DE1563AC}.Debug|Any CPU.ActiveCfg = Debug|Any CPU
		{0B3930C4-75B0-5385-875B-ED88DE1563AC}.Debug|Any CPU.Build.0 = Debug|Any CPU
		{0B3930C4-75B0-5385-875B-ED88DE1563AC}.Release|Any CPU.ActiveCfg = Release|Any CPU
		{0B3930C4-75B0-5385-875B-ED88DE1563AC}.Release|Any CPU.Build.0 = Release|Any CPU
		{A48B30E2-568C-D191-D05E-2F9BA3482D23}.Debug|Any CPU.ActiveCfg = Debug|Any CPU
		{A48B30E2-568C-D191-D05E-2F9BA3482D23}.Debug|Any CPU.Build.0 = Debug|Any CPU
		{A48B30E2-568C-D191-D05E-2F9BA3482D23}.Release|Any CPU.ActiveCfg = Release|Any CPU
		{A48B30E2-568C-D191-D05E-2F9BA3482D23}.Release|Any CPU.Build.0 = Release|Any CPU
	EndGlobalSection
	GlobalSection(SolutionProperties) = preSolution
		HideSolutionNode = FALSE
	EndGlobalSection
	GlobalSection(ExtensibilityGlobals) = postSolution
		SolutionGuid = {B5EFE1B7-6383-48A8-943F-AC2DAF36CF0E}
	EndGlobalSection
EndGlobal
